<?xml version='1.0' encoding='UTF-8'?>
<Scheme LastUpgradeVersion="2630" version="1.7">
   <BuildAction parallelizeBuildables="YES" buildImplicitDependencies="YES">
      <BuildActionEntries>
         <BuildActionEntry buildForTesting="YES" buildForRunning="YES" buildForProfiling="YES" buildForArchiving="YES" buildForAnalyzing="YES">
            <BuildableReference BuildableIdentifier="primary" BlueprintIdentifier="F00000000000000000000002" BuildableName="OpenStream tvOS.app" BlueprintName="OpenStream tvOS" ReferencedContainer="container:OpenStreamApps.xcodeproj" />
         </BuildActionEntry>
      </BuildActionEntries>
   </BuildAction>
   <TestAction buildConfiguration="Debug" selectedDebuggerIdentifier="Xcode.DebuggerFoundation.Debugger.LLDB" selectedLauncherIdentifier="Xcode.IDEFoundation.Launcher.LLDB" shouldUseLaunchSchemeArgsEnv="YES">
      <Testables>
         <TestableReference skipped="NO">
            <BuildableReference BuildableIdentifier="primary" BlueprintIdentifier="1850CF1B4C5A4C7616364333" BuildableName="OpenStreamTVUITests.xctest" BlueprintName="OpenStreamTVUITests" ReferencedContainer="container:OpenStreamApps.xcodeproj" />
         </TestableReference>
      </Testables>
   </TestAction>
   <LaunchAction buildConfiguration="Debug" selectedDebuggerIdentifier="Xcode.DebuggerFoundation.Debugger.LLDB" selectedLauncherIdentifier="Xcode.IDEFoundation.Launcher.LLDB" launchStyle="0" useCustomWorkingDirectory="NO" ignoresPersistentStateOnLaunch="NO" debugDocumentVersioning="YES" debugServiceExtension="internal" allowLocationSimulation="YES">
      <BuildableProductRunnable runnableDebuggingMode="0">
         <BuildableReference BuildableIdentifier="primary" BlueprintIdentifier="F00000000000000000000002" BuildableName="OpenStream tvOS.app" BlueprintName="OpenStream tvOS" ReferencedContainer="container:OpenStreamApps.xcodeproj" />
      </BuildableProductRunnable>
   </LaunchAction>
   <ProfileAction buildConfiguration="Release" shouldUseLaunchSchemeArgsEnv="YES" savedToolIdentifier="" useCustomWorkingDirectory="NO" debugDocumentVersioning="YES">
      <BuildableProductRunnable runnableDebuggingMode="0">
         <BuildableReference BuildableIdentifier="primary" BlueprintIdentifier="F00000000000000000000002" BuildableName="OpenStream tvOS.app" BlueprintName="OpenStream tvOS" ReferencedContainer="container:OpenStreamApps.xcodeproj" />
      </BuildableProductRunnable>
   </ProfileAction>
   <AnalyzeAction buildConfiguration="Debug" />
   <ArchiveAction buildConfiguration="Release" revealArchiveInOrganizer="YES" />
</Scheme>